
Microsoft Visual Studio Solution File, Format Version 12.00
# Visual Studio Version 17
VisualStudioVersion = 17.7.34018.315
MinimumVisualStudioVersion = 10.0.40219.1
Project("{FAE04EC0-301F-11D3-BF4B-00C04F79EFBC}") = "ClasesAbstract", "ClasesAbstract\ClasesAbstract.csproj", "{AAF3C12C-B8A3-4BE6-A60D-924A97D5974E}"
EndProject
Global
	GlobalSection(SolutionConfigurationPlatforms) = preSolution
		Debug|Any CPU = Debug|Any CPU
		Release|Any CPU = Release|Any CPU
	EndGlobalSection
	GlobalSection(ProjectConfigurationPlatforms) = postSolution
		{AAF3C12C-B8A3-4BE6-A60D-924A97D5974E}.Debug|Any CPU.ActiveCfg = Debug|Any CPU
		{AAF3C12C-B8A3-4BE6-A60D-924A97D5974E}.Debug|Any CPU.Build.0 = Debug|Any CPU
		{AAF3C12C-B8A3-4BE6-A60D-924A97D5974E}.Release|Any CPU.ActiveCfg = Release|Any CPU
		{AAF3C12C-B8A3-4BE6-A60D-924A97D5974E}.Release|Any CPU.Build.0 = Release|Any CPU
	EndGlobalSection
	GlobalSection(SolutionProperties) = preSolution
		HideSolutionNode = FALSE
	EndGlobalSection
	GlobalSection(ExtensibilityGlobals) = postSolution
		SolutionGuid = {9C023F32-3CB3-4213-9C18-F4520C8B7B14}
	EndGlobalSection
EndGlobal
